
Microsoft Visual Studio Solution File, Format Version 12.00
# Visual Studio Version 17
VisualStudioVersion = 17.0.31717.71
MinimumVisualStudioVersion = 10.0.40219.1
Project("{FAE04EC0-301F-11D3-BF4B-00C04F79EFBC}") = "Marketplace", "Marketplace\Marketplace.csproj", "{BB590BC3-29D0-4620-8018-B51C526C1FF2}"
EndProject
Project("{FAE04EC0-301F-11D3-BF4B-00C04F79EFBC}") = "Marketplace.Domain", "Marketplace.Domain\Marketplace.Domain.csproj", "{A8C69F46-27D7-4EF9-80FD-EC03D997BDD9}"
EndProject
Project("{FAE04EC0-301F-11D3-BF4B-00C04F79EFBC}") = "Marketplace.Tests", "Marketplace.Tests\Marketplace.Tests.csproj", "{2165100F-D640-4374-A1C0-829522DFDF0C}"
EndProject
Project("{FAE04EC0-301F-11D3-BF4B-00C04F79EFBC}") = "Marketplace.Framework", "Marketplace.Framework\Marketplace.Framework.csproj", "{0D2B50BD-7C34-4AF2-9074-E6297DFAC773}"
EndProject
Global
	GlobalSection(SolutionConfigurationPlatforms) = preSolution
		Debug|Any CPU = Debug|Any CPU
		Release|Any CPU = Release|Any CPU
	EndGlobalSection
	GlobalSection(ProjectConfigurationPlatforms) = postSolution
		{BB590BC3-29D0-4620-8018-B51C526C1FF2}.Debug|Any CPU.ActiveCfg = Debug|Any CPU
		{BB590BC3-29D0-4620-8018-B51C526C1FF2}.Debug|Any CPU.Build.0 = Debug|Any CPU
		{BB590BC3-29D0-4620-8018-B51C526C1FF2}.Release|Any CPU.ActiveCfg = Release|Any CPU
		{BB590BC3-29D0-4620-8018-B51C526C1FF2}.Release|Any CPU.Build.0 = Release|Any CPU
		{A8C69F46-27D7-4EF9-80FD-EC03D997BDD9}.Debug|Any CPU.ActiveCfg = Debug|Any CPU
		{A8C69F46-27D7-4EF9-80FD-EC03D997BDD9}.Debug|Any CPU.Build.0 = Debug|Any CPU
		{A8C69F46-27D7-4EF9-80FD-EC03D997BDD9}.Release|Any CPU.ActiveCfg = Release|Any CPU
		{A8C69F46-27D7-4EF9-80FD-EC03D997BDD9}.Release|Any CPU.Build.0 = Release|Any CPU
		{2165100F-D640-4374-A1C0-829522DFDF0C}.Debug|Any CPU.ActiveCfg = Debug|Any CPU
		{2165100F-D640-4374-A1C0-829522DFDF0C}.Debug|Any CPU.Build.0 = Debug|Any CPU
		{2165100F-D640-4374-A1C0-829522DFDF0C}.Release|Any CPU.ActiveCfg = Release|Any CPU
		{2165100F-D640-4374-A1C0-829522DFDF0C}.Release|Any CPU.Build.0 = Release|Any CPU
		{0D2B50BD-7C34-4AF2-9074-E6297DFAC773}.Debug|Any CPU.ActiveCfg = Debug|Any CPU
		{0D2B50BD-7C34-4AF2-9074-E6297DFAC773}.Debug|Any CPU.Build.0 = Debug|Any CPU
		{0D2B50BD-7C34-4AF2-9074-E6297DFAC773}.Release|Any CPU.ActiveCfg = Release|Any CPU
		{0D2B50BD-7C34-4AF2-9074-E6297DFAC773}.Release|Any CPU.Build.0 = Release|Any CPU
	EndGlobalSection
	GlobalSection(SolutionProperties) = preSolution
		HideSolutionNode = FALSE
	EndGlobalSection
	GlobalSection(ExtensibilityGlobals) = postSolution
		SolutionGuid = {EFD95DDA-702A-453D-9326-15DE49B909B4}
	EndGlobalSection
EndGlobal
